
Microsoft Visual Studio Solution File, Format Version 12.00
# Visual Studio 14
VisualStudioVersion = 14.0.25420.1
MinimumVisualStudioVersion = 10.0.40219.1
Project("{FAE04EC0-301F-11D3-BF4B-00C04F79EFBC}") = "GetTeamViewerInfo", "GetTeamViewerInfo.csproj", "{D86B354F-4576-4987-9378-F6D3DB0A8BBB}"
EndProject
Project("{FAE04EC0-301F-11D3-BF4B-00C04F79EFBC}") = "TeamViewerInfoServer", "..\TeamViewerInfoServer\TeamViewerInfoServer.csproj", "{8460C16C-D9A5-4612-BD2B-9AD46C1D98B4}"
EndProject
Global
	GlobalSection(SolutionConfigurationPlatforms) = preSolution
		Debug|Any CPU = Debug|Any CPU
		Release|Any CPU = Release|Any CPU
	EndGlobalSection
	GlobalSection(ProjectConfigurationPlatforms) = postSolution
		{D86B354F-4576-4987-9378-F6D3DB0A8BBB}.Debug|Any CPU.ActiveCfg = Debug|Any CPU
		{D86B354F-4576-4987-9378-F6D3DB0A8BBB}.Debug|Any CPU.Build.0 = Debug|Any CPU
		{D86B354F-4576-4987-9378-F6D3DB0A8BBB}.Release|Any CPU.ActiveCfg = Release|Any CPU
		{D86B354F-4576-4987-9378-F6D3DB0A8BBB}.Release|Any CPU.Build.0 = Release|Any CPU
		{8460C16C-D9A5-4612-BD2B-9AD46C1D98B4}.Debug|Any CPU.ActiveCfg = Debug|Any CPU
		{8460C16C-D9A5-4612-BD2B-9AD46C1D98B4}.Debug|Any CPU.Build.0 = Debug|Any CPU
		{8460C16C-D9A5-4612-BD2B-9AD46C1D98B4}.Release|Any CPU.ActiveCfg = Release|Any CPU
		{8460C16C-D9A5-4612-BD2B-9AD46C1D98B4}.Release|Any CPU.Build.0 = Release|Any CPU
	EndGlobalSection
	GlobalSection(SolutionProperties) = preSolution
		HideSolutionNode = FALSE
	EndGlobalSection
EndGlobal
